// !$*UTF8*$!
{
	archiveVersion = 1;
	classes = {
	};
	objectVersion = 56;
	objects = {

/* Begin PBXBuildFile section */
		0D309DC62F62775D001EF339 /* AppleDictionaryService.swift in Sources */ = {isa = PBXBuildFile; fileRef = 0D309DC52F62775D001EF339 /* AppleDictionaryService.swift */; };
		0D309DC82F627762001EF339 /* AppleIntelligenceService.swift in Sources */ = {isa = PBXBuildFile; fileRef = 0D309DC72F627762001EF339 /* AppleIntelligenceService.swift */; };
		0DC05E3D2F625912009DD4F5 /* WordAnalysisResult.swift in Sources */ = {isa = PBXBuildFile; fileRef = 0DC05E3C2F625912009DD4F5 /* WordAnalysisResult.swift */; };
		0DC05E3F2F62592D009DD4F5 /* PromptBuilder.swift in Sources */ = {isa = PBXBuildFile; fileRef = 0DC05E3E2F62592D009DD4F5 /* PromptBuilder.swift */; };
		0DC05E412F625B4B009DD4F5 /* SentenceAnalysisResult.swift in Sources */ = {isa = PBXBuildFile; fileRef = 0DC05E402F625B4B009DD4F5 /* SentenceAnalysisResult.swift */; };
		0DC05E432F625CC4009DD4F5 /* FuriganaParser.swift in Sources */ = {isa = PBXBuildFile; fileRef = 0DC05E422F625CC4009DD4F5 /* FuriganaParser.swift */; };
		0DC05E462F625CE2009DD4F5 /* jlpt_kanji.json in Resources */ = {isa = PBXBuildFile; fileRef = 0DC05E452F625CE2009DD4F5 /* jlpt_kanji.json */; };
		0DC05E482F625CF6009DD4F5 /* JLPTKanjiSet.swift in Sources */ = {isa = PBXBuildFile; fileRef = 0DC05E472F625CF6009DD4F5 /* JLPTKanjiSet.swift */; };
		0DC05E4A2F625D21009DD4F5 /* FuriganaText.swift in Sources */ = {isa = PBXBuildFile; fileRef = 0DC05E492F625D21009DD4F5 /* FuriganaText.swift */; };
		0DC05E4C2F625E5D009DD4F5 /* Color+Theme.swift in Sources */ = {isa = PBXBuildFile; fileRef = 0DC05E4B2F625E5D009DD4F5 /* Color+Theme.swift */; };
		0DC05E4E2F625E7A009DD4F5 /* Components.swift in Sources */ = {isa = PBXBuildFile; fileRef = 0DC05E4D2F625E7A009DD4F5 /* Components.swift */; };
		0DC05E502F625EAF009DD4F5 /* QueryHistory.swift in Sources */ = {isa = PBXBuildFile; fileRef = 0DC05E4F2F625EAF009DD4F5 /* QueryHistory.swift */; };
		0DC05E522F6261B1009DD4F5 /* NetworkMonitor.swift in Sources */ = {isa = PBXBuildFile; fileRef = 0DC05E512F6261B1009DD4F5 /* NetworkMonitor.swift */; };
		0DL10001000000000000F001 /* InterfaceLanguage.swift in Sources */ = {isa = PBXBuildFile; fileRef = 0DL10002000000000000F002 /* InterfaceLanguage.swift */; };
		0DL10003000000000000F003 /* Localizable.xcstrings in Resources */ = {isa = PBXBuildFile; fileRef = 0DL10004000000000000F004 /* Localizable.xcstrings */; };
		A10000010000000000000001 /* PolyGlotApp.swift in Sources */ = {isa = PBXBuildFile; fileRef = A20000010000000000000001 /* PolyGlotApp.swift */; };
		A10000020000000000000002 /* ContentView.swift in Sources */ = {isa = PBXBuildFile; fileRef = A20000020000000000000002 /* ContentView.swift */; };
		A10000030000000000000003 /* Assets.xcassets in Resources */ = {isa = PBXBuildFile; fileRef = A20000030000000000000003 /* Assets.xcassets */; };
		A10000040000000000000004 /* Settings.swift in Sources */ = {isa = PBXBuildFile; fileRef = A20000040000000000000004 /* Settings.swift */; };
		A10000050000000000000005 /* DictionaryViewModel.swift in Sources */ = {isa = PBXBuildFile; fileRef = A20000050000000000000005 /* DictionaryViewModel.swift */; };
		A10000060000000000000006 /* SentenceViewModel.swift in Sources */ = {isa = PBXBuildFile; fileRef = A20000060000000000000006 /* SentenceViewModel.swift */; };
		A10000070000000000000007 /* TranslationViewModel.swift in Sources */ = {isa = PBXBuildFile; fileRef = A20000070000000000000007 /* TranslationViewModel.swift */; };
		A10000080000000000000008 /* QuestionViewModel.swift in Sources */ = {isa = PBXBuildFile; fileRef = A20000080000000000000008 /* QuestionViewModel.swift */; };
		A10000090000000000000009 /* SettingsViewModel.swift in Sources */ = {isa = PBXBuildFile; fileRef = A20000090000000000000009 /* SettingsViewModel.swift */; };
		A1000010000000000000000A /* DictionaryView.swift in Sources */ = {isa = PBXBuildFile; fileRef = A2000010000000000000000A /* DictionaryView.swift */; };
		A1000011000000000000000B /* SentenceView.swift in Sources */ = {isa = PBXBuildFile; fileRef = A2000011000000000000000B /* SentenceView.swift */; };
		A1000012000000000000000C /* TranslationView.swift in Sources */ = {isa = PBXBuildFile; fileRef = A2000012000000000000000C /* TranslationView.swift */; };
		A1000013000000000000000D /* QuestionView.swift in Sources */ = {isa = PBXBuildFile; fileRef = A2000013000000000000000D /* QuestionView.swift */; };
		A1000014000000000000000E /* SettingsView.swift in Sources */ = {isa = PBXBuildFile; fileRef = A2000014000000000000000E /* SettingsView.swift */; };
		A1000015000000000000000F /* SupportedLanguage.swift in Sources */ = {isa = PBXBuildFile; fileRef = A2000015000000000000000F /* SupportedLanguage.swift */; };
		A10000160000000000000010 /* AppMode.swift in Sources */ = {isa = PBXBuildFile; fileRef = A20000160000000000000010 /* AppMode.swift */; };
		A10000170000000000000011 /* LLMProvider.swift in Sources */ = {isa = PBXBuildFile; fileRef = A20000170000000000000011 /* LLMProvider.swift */; };
		A10000180000000000000012 /* TTSProvider.swift in Sources */ = {isa = PBXBuildFile; fileRef = A20000180000000000000012 /* TTSProvider.swift */; };
		A10000190000000000000013 /* JapaneseProficiency.swift in Sources */ = {isa = PBXBuildFile; fileRef = A20000190000000000000013 /* JapaneseProficiency.swift */; };
		A1000020000000000000001A /* LLMServiceProtocol.swift in Sources */ = {isa = PBXBuildFile; fileRef = A2000020000000000000001A /* LLMServiceProtocol.swift */; };
		A1000021000000000000001B /* TTSServiceProtocol.swift in Sources */ = {isa = PBXBuildFile; fileRef = A2000021000000000000001B /* TTSServiceProtocol.swift */; };
		A1000022000000000000001C /* OpenAIService.swift in Sources */ = {isa = PBXBuildFile; fileRef = A2000022000000000000001C /* OpenAIService.swift */; };
		A1000023000000000000001D /* ClaudeService.swift in Sources */ = {isa = PBXBuildFile; fileRef = A2000023000000000000001D /* ClaudeService.swift */; };
		A1000024000000000000001E /* GeminiService.swift in Sources */ = {isa = PBXBuildFile; fileRef = A2000024000000000000001E /* GeminiService.swift */; };
		A1000025000000000000001F /* LLMManager.swift in Sources */ = {isa = PBXBuildFile; fileRef = A2000025000000000000001F /* LLMManager.swift */; };
		A10000260000000000000020 /* OpenAITTSService.swift in Sources */ = {isa = PBXBuildFile; fileRef = A20000260000000000000020 /* OpenAITTSService.swift */; };
		A10000270000000000000021 /* AppleLocalTTSService.swift in Sources */ = {isa = PBXBuildFile; fileRef = A20000270000000000000021 /* AppleLocalTTSService.swift */; };
		A10000280000000000000022 /* TTSManager.swift in Sources */ = {isa = PBXBuildFile; fileRef = A20000280000000000000022 /* TTSManager.swift */; };
		A10000290000000000000023 /* LanguageDetector.swift in Sources */ = {isa = PBXBuildFile; fileRef = A20000290000000000000023 /* LanguageDetector.swift */; };
		A1000030000000000000002A /* SpeakButton.swift in Sources */ = {isa = PBXBuildFile; fileRef = A2000030000000000000002A /* SpeakButton.swift */; };
		0DP00001000000000000F001 /* LanguagePromptProvider.swift in Sources */ = {isa = PBXBuildFile; fileRef = 0DP00002000000000000F002 /* LanguagePromptProvider.swift */; };
		0DP00003000000000000F003 /* LanguagePromptRegistry.swift in Sources */ = {isa = PBXBuildFile; fileRef = 0DP00004000000000000F004 /* LanguagePromptRegistry.swift */; };
		0DP00005000000000000F005 /* ChinesePromptProvider.swift in Sources */ = {isa = PBXBuildFile; fileRef = 0DP00006000000000000F006 /* ChinesePromptProvider.swift */; };
		0DP00007000000000000F007 /* EnglishPromptProvider.swift in Sources */ = {isa = PBXBuildFile; fileRef = 0DP00008000000000000F008 /* EnglishPromptProvider.swift */; };
		0DP00009000000000000F009 /* JapanesePromptProvider.swift in Sources */ = {isa = PBXBuildFile; fileRef = 0DP0000A000000000000F00A /* JapanesePromptProvider.swift */; };
		0DP0000B000000000000F00B /* KoreanPromptProvider.swift in Sources */ = {isa = PBXBuildFile; fileRef = 0DP0000C000000000000F00C /* KoreanPromptProvider.swift */; };
		0DP10001000000000000F001 /* FrenchPromptProvider.swift in Sources */ = {isa = PBXBuildFile; fileRef = 0DP0000E000000000000F00E /* FrenchPromptProvider.swift */; };
		0DP10002000000000000F002 /* SpanishPromptProvider.swift in Sources */ = {isa = PBXBuildFile; fileRef = 0DP00010000000000000F010 /* SpanishPromptProvider.swift */; };
		0DP10003000000000000F003 /* ArabicPromptProvider.swift in Sources */ = {isa = PBXBuildFile; fileRef = 0DP00012000000000000F012 /* ArabicPromptProvider.swift */; };
		0DP10004000000000000F004 /* GermanPromptProvider.swift in Sources */ = {isa = PBXBuildFile; fileRef = 0DP00014000000000000F014 /* GermanPromptProvider.swift */; };
		0DP10005000000000000F005 /* PortuguesePromptProvider.swift in Sources */ = {isa = PBXBuildFile; fileRef = 0DP00016000000000000F016 /* PortuguesePromptProvider.swift */; };
/* End PBXBuildFile section */

/* Begin PBXFileReference section */
		0D309DC52F62775D001EF339 /* AppleDictionaryService.swift */ = {isa = PBXFileReference; lastKnownFileType = sourcecode.swift; path = AppleDictionaryService.swift; sourceTree = "<group>"; };
		0D309DC72F627762001EF339 /* AppleIntelligenceService.swift */ = {isa = PBXFileReference; lastKnownFileType = sourcecode.swift; path = AppleIntelligenceService.swift; sourceTree = "<group>"; };
		0DC05E3C2F625912009DD4F5 /* WordAnalysisResult.swift */ = {isa = PBXFileReference; lastKnownFileType = sourcecode.swift; path = WordAnalysisResult.swift; sourceTree = "<group>"; };
		0DC05E3E2F62592D009DD4F5 /* PromptBuilder.swift */ = {isa = PBXFileReference; lastKnownFileType = sourcecode.swift; path = PromptBuilder.swift; sourceTree = "<group>"; };
		0DC05E402F625B4B009DD4F5 /* SentenceAnalysisResult.swift */ = {isa = PBXFileReference; lastKnownFileType = sourcecode.swift; path = SentenceAnalysisResult.swift; sourceTree = "<group>"; };
		0DC05E422F625CC4009DD4F5 /* FuriganaParser.swift */ = {isa = PBXFileReference; lastKnownFileType = sourcecode.swift; path = FuriganaParser.swift; sourceTree = "<group>"; };
		0DC05E452F625CE2009DD4F5 /* jlpt_kanji.json */ = {isa = PBXFileReference; lastKnownFileType = text.json; path = jlpt_kanji.json; sourceTree = "<group>"; };
		0DC05E472F625CF6009DD4F5 /* JLPTKanjiSet.swift */ = {isa = PBXFileReference; lastKnownFileType = sourcecode.swift; path = JLPTKanjiSet.swift; sourceTree = "<group>"; };
		0DC05E492F625D21009DD4F5 /* FuriganaText.swift */ = {isa = PBXFileReference; lastKnownFileType = sourcecode.swift; path = FuriganaText.swift; sourceTree = "<group>"; };
		0DC05E4B2F625E5D009DD4F5 /* Color+Theme.swift */ = {isa = PBXFileReference; lastKnownFileType = sourcecode.swift; path = "Color+Theme.swift"; sourceTree = "<group>"; };
		0DC05E4D2F625E7A009DD4F5 /* Components.swift */ = {isa = PBXFileReference; lastKnownFileType = sourcecode.swift; path = Components.swift; sourceTree = "<group>"; };
		0DC05E4F2F625EAF009DD4F5 /* QueryHistory.swift */ = {isa = PBXFileReference; lastKnownFileType = sourcecode.swift; path = QueryHistory.swift; sourceTree = "<group>"; };
		0DC05E512F6261B1009DD4F5 /* NetworkMonitor.swift */ = {isa = PBXFileReference; lastKnownFileType = sourcecode.swift; path = NetworkMonitor.swift; sourceTree = "<group>"; };
		0DL10002000000000000F002 /* InterfaceLanguage.swift */ = {isa = PBXFileReference; lastKnownFileType = sourcecode.swift; path = InterfaceLanguage.swift; sourceTree = "<group>"; };
		0DL10004000000000000F004 /* Localizable.xcstrings */ = {isa = PBXFileReference; lastKnownFileType = text.json.xcstrings; path = Localizable.xcstrings; sourceTree = "<group>"; };
		A20000010000000000000001 /* PolyGlotApp.swift */ = {isa = PBXFileReference; lastKnownFileType = sourcecode.swift; path = PolyGlotApp.swift; sourceTree = "<group>"; };
		A20000020000000000000002 /* ContentView.swift */ = {isa = PBXFileReference; lastKnownFileType = sourcecode.swift; path = ContentView.swift; sourceTree = "<group>"; };
		A20000030000000000000003 /* Assets.xcassets */ = {isa = PBXFileReference; lastKnownFileType = folder.assetcatalog; path = Assets.xcassets; sourceTree = "<group>"; };
		A20000040000000000000004 /* Settings.swift */ = {isa = PBXFileReference; lastKnownFileType = sourcecode.swift; path = Settings.swift; sourceTree = "<group>"; };
		A20000050000000000000005 /* DictionaryViewModel.swift */ = {isa = PBXFileReference; lastKnownFileType = sourcecode.swift; path = DictionaryViewModel.swift; sourceTree = "<group>"; };
		A20000060000000000000006 /* SentenceViewModel.swift */ = {isa = PBXFileReference; lastKnownFileType = sourcecode.swift; path = SentenceViewModel.swift; sourceTree = "<group>"; };
		A20000070000000000000007 /* TranslationViewModel.swift */ = {isa = PBXFileReference; lastKnownFileType = sourcecode.swift; path = TranslationViewModel.swift; sourceTree = "<group>"; };
		A20000080000000000000008 /* QuestionViewModel.swift */ = {isa = PBXFileReference; lastKnownFileType = sourcecode.swift; path = QuestionViewModel.swift; sourceTree = "<group>"; };
		A20000090000000000000009 /* SettingsViewModel.swift */ = {isa = PBXFileReference; lastKnownFileType = sourcecode.swift; path = SettingsViewModel.swift; sourceTree = "<group>"; };
		A2000010000000000000000A /* DictionaryView.swift */ = {isa = PBXFileReference; lastKnownFileType = sourcecode.swift; path = DictionaryView.swift; sourceTree = "<group>"; };
		A2000011000000000000000B /* SentenceView.swift */ = {isa = PBXFileReference; lastKnownFileType = sourcecode.swift; path = SentenceView.swift; sourceTree = "<group>"; };
		A2000012000000000000000C /* TranslationView.swift */ = {isa = PBXFileReference; lastKnownFileType = sourcecode.swift; path = TranslationView.swift; sourceTree = "<group>"; };
		A2000013000000000000000D /* QuestionView.swift */ = {isa = PBXFileReference; lastKnownFileType = sourcecode.swift; path = QuestionView.swift; sourceTree = "<group>"; };
		A2000014000000000000000E /* SettingsView.swift */ = {isa = PBXFileReference; lastKnownFileType = sourcecode.swift; path = SettingsView.swift; sourceTree = "<group>"; };
		A2000015000000000000000F /* SupportedLanguage.swift */ = {isa = PBXFileReference; lastKnownFileType = sourcecode.swift; path = SupportedLanguage.swift; sourceTree = "<group>"; };
		A20000160000000000000010 /* AppMode.swift */ = {isa = PBXFileReference; lastKnownFileType = sourcecode.swift; path = AppMode.swift; sourceTree = "<group>"; };
		A20000170000000000000011 /* LLMProvider.swift */ = {isa = PBXFileReference; lastKnownFileType = sourcecode.swift; path = LLMProvider.swift; sourceTree = "<group>"; };
		A20000180000000000000012 /* TTSProvider.swift */ = {isa = PBXFileReference; lastKnownFileType = sourcecode.swift; path = TTSProvider.swift; sourceTree = "<group>"; };
		A20000190000000000000013 /* JapaneseProficiency.swift */ = {isa = PBXFileReference; lastKnownFileType = sourcecode.swift; path = JapaneseProficiency.swift; sourceTree = "<group>"; };
		A2000020000000000000001A /* LLMServiceProtocol.swift */ = {isa = PBXFileReference; lastKnownFileType = sourcecode.swift; path = LLMServiceProtocol.swift; sourceTree = "<group>"; };
		A2000021000000000000001B /* TTSServiceProtocol.swift */ = {isa = PBXFileReference; lastKnownFileType = sourcecode.swift; path = TTSServiceProtocol.swift; sourceTree = "<group>"; };
		A2000022000000000000001C /* OpenAIService.swift */ = {isa = PBXFileReference; lastKnownFileType = sourcecode.swift; path = OpenAIService.swift; sourceTree = "<group>"; };
		A2000023000000000000001D /* ClaudeService.swift */ = {isa = PBXFileReference; lastKnownFileType = sourcecode.swift; path = ClaudeService.swift; sourceTree = "<group>"; };
		A2000024000000000000001E /* GeminiService.swift */ = {isa = PBXFileReference; lastKnownFileType = sourcecode.swift; path = GeminiService.swift; sourceTree = "<group>"; };
		A2000025000000000000001F /* LLMManager.swift */ = {isa = PBXFileReference; lastKnownFileType = sourcecode.swift; path = LLMManager.swift; sourceTree = "<group>"; };
		A20000260000000000000020 /* OpenAITTSService.swift */ = {isa = PBXFileReference; lastKnownFileType = sourcecode.swift; path = OpenAITTSService.swift; sourceTree = "<group>"; };
		A20000270000000000000021 /* AppleLocalTTSService.swift */ = {isa = PBXFileReference; lastKnownFileType = sourcecode.swift; path = AppleLocalTTSService.swift; sourceTree = "<group>"; };
		A20000280000000000000022 /* TTSManager.swift */ = {isa = PBXFileReference; lastKnownFileType = sourcecode.swift; path = TTSManager.swift; sourceTree = "<group>"; };
		A20000290000000000000023 /* LanguageDetector.swift */ = {isa = PBXFileReference; lastKnownFileType = sourcecode.swift; path = LanguageDetector.swift; sourceTree = "<group>"; };
		A2000030000000000000002A /* SpeakButton.swift */ = {isa = PBXFileReference; lastKnownFileType = sourcecode.swift; path = SpeakButton.swift; sourceTree = "<group>"; };
		A30000010000000000000001 /* PolyGlot.app */ = {isa = PBXFileReference; explicitFileType = wrapper.application; includeInIndex = 0; path = PolyGlot.app; sourceTree = BUILT_PRODUCTS_DIR; };
		0DP00002000000000000F002 /* LanguagePromptProvider.swift */ = {isa = PBXFileReference; lastKnownFileType = sourcecode.swift; path = LanguagePromptProvider.swift; sourceTree = "<group>"; };
		0DP00004000000000000F004 /* LanguagePromptRegistry.swift */ = {isa = PBXFileReference; lastKnownFileType = sourcecode.swift; path = LanguagePromptRegistry.swift; sourceTree = "<group>"; };
		0DP00006000000000000F006 /* ChinesePromptProvider.swift */ = {isa = PBXFileReference; lastKnownFileType = sourcecode.swift; path = ChinesePromptProvider.swift; sourceTree = "<group>"; };
		0DP00008000000000000F008 /* EnglishPromptProvider.swift */ = {isa = PBXFileReference; lastKnownFileType = sourcecode.swift; path = EnglishPromptProvider.swift; sourceTree = "<group>"; };
		0DP0000A000000000000F00A /* JapanesePromptProvider.swift */ = {isa = PBXFileReference; lastKnownFileType = sourcecode.swift; path = JapanesePromptProvider.swift; sourceTree = "<group>"; };
		0DP0000C000000000000F00C /* KoreanPromptProvider.swift */ = {isa = PBXFileReference; lastKnownFileType = sourcecode.swift; path = KoreanPromptProvider.swift; sourceTree = "<group>"; };
		0DP0000E000000000000F00E /* FrenchPromptProvider.swift */ = {isa = PBXFileReference; lastKnownFileType = sourcecode.swift; path = FrenchPromptProvider.swift; sourceTree = "<group>"; };
		0DP00010000000000000F010 /* SpanishPromptProvider.swift */ = {isa = PBXFileReference; lastKnownFileType = sourcecode.swift; path = SpanishPromptProvider.swift; sourceTree = "<group>"; };
		0DP00012000000000000F012 /* ArabicPromptProvider.swift */ = {isa = PBXFileReference; lastKnownFileType = sourcecode.swift; path = ArabicPromptProvider.swift; sourceTree = "<group>"; };
		0DP00014000000000000F014 /* GermanPromptProvider.swift */ = {isa = PBXFileReference; lastKnownFileType = sourcecode.swift; path = GermanPromptProvider.swift; sourceTree = "<group>"; };
		0DP00016000000000000F016 /* PortuguesePromptProvider.swift */ = {isa = PBXFileReference; lastKnownFileType = sourcecode.swift; path = PortuguesePromptProvider.swift; sourceTree = "<group>"; };
/* End PBXFileReference section */

/* Begin PBXFrameworksBuildPhase section */
		A40000010000000000000001 /* Frameworks */ = {
			isa = PBXFrameworksBuildPhase;
			buildActionMask = 2147483647;
			files = (
			);
			runOnlyForDeploymentPostprocessing = 0;
		};
/* End PBXFrameworksBuildPhase section */

/* Begin PBXGroup section */
		0DC05E442F625CDA009DD4F5 /* Resources */ = {
			isa = PBXGroup;
			children = (
				0DC05E452F625CE2009DD4F5 /* jlpt_kanji.json */,
				0DL10004000000000000F004 /* Localizable.xcstrings */,
			);
			path = Resources;
			sourceTree = "<group>";
		};
		A50000010000000000000001 = {
			isa = PBXGroup;
			children = (
				A50000020000000000000002 /* PolyGlot */,
				A50000080000000000000008 /* Products */,
			);
			sourceTree = "<group>";
		};
		A50000020000000000000002 /* PolyGlot */ = {
			isa = PBXGroup;
			children = (
				A20000010000000000000001 /* PolyGlotApp.swift */,
				A50000030000000000000003 /* Models */,
				A50000040000000000000004 /* ViewModels */,
				A50000050000000000000005 /* Views */,
				A50000060000000000000006 /* Services */,
				A50000070000000000000007 /* Utilities */,
				A20000030000000000000003 /* Assets.xcassets */,
				0DC05E442F625CDA009DD4F5 /* Resources */,
			);
			path = PolyGlot;
			sourceTree = "<group>";
		};
		A50000030000000000000003 /* Models */ = {
			isa = PBXGroup;
			children = (
				A20000040000000000000004 /* Settings.swift */,
				0DC05E3C2F625912009DD4F5 /* WordAnalysisResult.swift */,
				0DC05E402F625B4B009DD4F5 /* SentenceAnalysisResult.swift */,
				0DC05E4F2F625EAF009DD4F5 /* QueryHistory.swift */,
			);
			path = Models;
			sourceTree = "<group>";
		};
		A50000040000000000000004 /* ViewModels */ = {
			isa = PBXGroup;
			children = (
				A20000050000000000000005 /* DictionaryViewModel.swift */,
				A20000060000000000000006 /* SentenceViewModel.swift */,
				A20000070000000000000007 /* TranslationViewModel.swift */,
				A20000080000000000000008 /* QuestionViewModel.swift */,
				A20000090000000000000009 /* SettingsViewModel.swift */,
			);
			path = ViewModels;
			sourceTree = "<group>";
		};
		A50000050000000000000005 /* Views */ = {
			isa = PBXGroup;
			children = (
				A20000020000000000000002 /* ContentView.swift */,
				A2000010000000000000000A /* DictionaryView.swift */,
				A2000011000000000000000B /* SentenceView.swift */,
				A2000012000000000000000C /* TranslationView.swift */,
				A2000013000000000000000D /* QuestionView.swift */,
				A2000014000000000000000E /* SettingsView.swift */,
				A2000030000000000000002A /* SpeakButton.swift */,
				0DC05E492F625D21009DD4F5 /* FuriganaText.swift */,
				0DC05E4D2F625E7A009DD4F5 /* Components.swift */,
			);
			path = Views;
			sourceTree = "<group>";
		};
		0DP0000D000000000000F00D /* Prompts */ = {
			isa = PBXGroup;
			children = (
				0DP00002000000000000F002 /* LanguagePromptProvider.swift */,
				0DP00004000000000000F004 /* LanguagePromptRegistry.swift */,
				0DP00006000000000000F006 /* ChinesePromptProvider.swift */,
				0DP00008000000000000F008 /* EnglishPromptProvider.swift */,
				0DP0000A000000000000F00A /* JapanesePromptProvider.swift */,
				0DP0000C000000000000F00C /* KoreanPromptProvider.swift */,
				0DP0000E000000000000F00E /* FrenchPromptProvider.swift */,
				0DP00010000000000000F010 /* SpanishPromptProvider.swift */,
				0DP00012000000000000F012 /* ArabicPromptProvider.swift */,
				0DP00014000000000000F014 /* GermanPromptProvider.swift */,
				0DP00016000000000000F016 /* PortuguesePromptProvider.swift */,
			);
			path = Prompts;
			sourceTree = "<group>";
		};
		A50000060000000000000006 /* Services */ = {
			isa = PBXGroup;
			children = (
				0DP0000D000000000000F00D /* Prompts */,
				A2000020000000000000001A /* LLMServiceProtocol.swift */,
				A2000022000000000000001C /* OpenAIService.swift */,
				A2000023000000000000001D /* ClaudeService.swift */,
				A2000024000000000000001E /* GeminiService.swift */,
				A2000025000000000000001F /* LLMManager.swift */,
				A2000021000000000000001B /* TTSServiceProtocol.swift */,
				A20000260000000000000020 /* OpenAITTSService.swift */,
				A20000270000000000000021 /* AppleLocalTTSService.swift */,
				A20000280000000000000022 /* TTSManager.swift */,
				0DC05E3E2F62592D009DD4F5 /* PromptBuilder.swift */,
				0DC05E512F6261B1009DD4F5 /* NetworkMonitor.swift */,
				0D309DC52F62775D001EF339 /* AppleDictionaryService.swift */,
				0D309DC72F627762001EF339 /* AppleIntelligenceService.swift */,
			);
			path = Services;
			sourceTree = "<group>";
		};
		A50000070000000000000007 /* Utilities */ = {
			isa = PBXGroup;
			children = (
				A2000015000000000000000F /* SupportedLanguage.swift */,
				A20000160000000000000010 /* AppMode.swift */,
				A20000170000000000000011 /* LLMProvider.swift */,
				A20000180000000000000012 /* TTSProvider.swift */,
				A20000190000000000000013 /* JapaneseProficiency.swift */,
				A20000290000000000000023 /* LanguageDetector.swift */,
				0DC05E422F625CC4009DD4F5 /* FuriganaParser.swift */,
				0DC05E472F625CF6009DD4F5 /* JLPTKanjiSet.swift */,
				0DC05E4B2F625E5D009DD4F5 /* Color+Theme.swift */,
				0DL10002000000000000F002 /* InterfaceLanguage.swift */,
			);
			path = Utilities;
			sourceTree = "<group>";
		};
		A50000080000000000000008 /* Products */ = {
			isa = PBXGroup;
			children = (
				A30000010000000000000001 /* PolyGlot.app */,
			);
			name = Products;
			sourceTree = "<group>";
		};
/* End PBXGroup section */

/* Begin PBXNativeTarget section */
		A60000010000000000000001 /* PolyGlot */ = {
			isa = PBXNativeTarget;
			buildConfigurationList = A80000010000000000000001 /* Build configuration list for PBXNativeTarget "PolyGlot" */;
			buildPhases = (
				A70000010000000000000001 /* Sources */,
				A40000010000000000000001 /* Frameworks */,
				A70000020000000000000002 /* Resources */,
			);
			buildRules = (
			);
			dependencies = (
			);
			name = PolyGlot;
			productName = PolyGlot;
			productReference = A30000010000000000000001 /* PolyGlot.app */;
			productType = "com.apple.product-type.application";
		};
/* End PBXNativeTarget section */

/* Begin PBXProject section */
		A90000010000000000000001 /* Project object */ = {
			isa = PBXProject;
			attributes = {
				BuildIndependentTargetsInParallel = 1;
				LastSwiftUpdateCheck = 1500;
				LastUpgradeCheck = 1500;
				TargetAttributes = {
					A60000010000000000000001 = {
						CreatedOnToolsVersion = 15.0;
					};
				};
			};
			buildConfigurationList = A80000030000000000000003 /* Build configuration list for PBXProject "PolyGlot" */;
			compatibilityVersion = "Xcode 14.0";
			developmentRegion = en;
			hasScannedForEncodings = 0;
			knownRegions = (
				en,
				Base,
				"zh-Hans",
				"zh-Hant",
				ja,
				ko,
				es,
				hi,
				ar,
				"pt-BR",
				ru,
				de,
				fr,
				id,
				it,
				tr,
				bn,
			);
			mainGroup = A50000010000000000000001;
			productRefGroup = A50000080000000000000008 /* Products */;
			projectDirPath = "";
			projectRoot = "";
			targets = (
				A60000010000000000000001 /* PolyGlot */,
			);
		};
/* End PBXProject section */

/* Begin PBXResourcesBuildPhase section */
		A70000020000000000000002 /* Resources */ = {
			isa = PBXResourcesBuildPhase;
			buildActionMask = 2147483647;
			files = (
				A10000030000000000000003 /* Assets.xcassets in Resources */,
				0DC05E462F625CE2009DD4F5 /* jlpt_kanji.json in Resources */,
				0DL10003000000000000F003 /* Localizable.xcstrings in Resources */,
			);
			runOnlyForDeploymentPostprocessing = 0;
		};
/* End PBXResourcesBuildPhase section */

/* Begin PBXSourcesBuildPhase section */
		A70000010000000000000001 /* Sources */ = {
			isa = PBXSourcesBuildPhase;
			buildActionMask = 2147483647;
			files = (
				A10000010000000000000001 /* PolyGlotApp.swift in Sources */,
				A10000020000000000000002 /* ContentView.swift in Sources */,
				A10000040000000000000004 /* Settings.swift in Sources */,
				A10000050000000000000005 /* DictionaryViewModel.swift in Sources */,
				A10000060000000000000006 /* SentenceViewModel.swift in Sources */,
				A10000070000000000000007 /* TranslationViewModel.swift in Sources */,
				A10000080000000000000008 /* QuestionViewModel.swift in Sources */,
				A10000090000000000000009 /* SettingsViewModel.swift in Sources */,
				0DC05E3F2F62592D009DD4F5 /* PromptBuilder.swift in Sources */,
				A1000010000000000000000A /* DictionaryView.swift in Sources */,
				A1000011000000000000000B /* SentenceView.swift in Sources */,
				A1000012000000000000000C /* TranslationView.swift in Sources */,
				A1000013000000000000000D /* QuestionView.swift in Sources */,
				A1000014000000000000000E /* SettingsView.swift in Sources */,
				A1000015000000000000000F /* SupportedLanguage.swift in Sources */,
				0DC05E4A2F625D21009DD4F5 /* FuriganaText.swift in Sources */,
				0DC05E412F625B4B009DD4F5 /* SentenceAnalysisResult.swift in Sources */,
				A10000160000000000000010 /* AppMode.swift in Sources */,
				A10000170000000000000011 /* LLMProvider.swift in Sources */,
				A10000180000000000000012 /* TTSProvider.swift in Sources */,
				A10000190000000000000013 /* JapaneseProficiency.swift in Sources */,
				0DC05E4C2F625E5D009DD4F5 /* Color+Theme.swift in Sources */,
				0DC05E522F6261B1009DD4F5 /* NetworkMonitor.swift in Sources */,
				0DC05E482F625CF6009DD4F5 /* JLPTKanjiSet.swift in Sources */,
				A1000020000000000000001A /* LLMServiceProtocol.swift in Sources */,
				A1000021000000000000001B /* TTSServiceProtocol.swift in Sources */,
				0D309DC82F627762001EF339 /* AppleIntelligenceService.swift in Sources */,
				0DC05E3D2F625912009DD4F5 /* WordAnalysisResult.swift in Sources */,
				A1000022000000000000001C /* OpenAIService.swift in Sources */,
				0DC05E502F625EAF009DD4F5 /* QueryHistory.swift in Sources */,
				A1000023000000000000001D /* ClaudeService.swift in Sources */,
				A1000024000000000000001E /* GeminiService.swift in Sources */,
				A1000025000000000000001F /* LLMManager.swift in Sources */,
				0D309DC62F62775D001EF339 /* AppleDictionaryService.swift in Sources */,
				0DC05E4E2F625E7A009DD4F5 /* Components.swift in Sources */,
				A10000260000000000000020 /* OpenAITTSService.swift in Sources */,
				0DC05E432F625CC4009DD4F5 /* FuriganaParser.swift in Sources */,
				A10000270000000000000021 /* AppleLocalTTSService.swift in Sources */,
				A10000280000000000000022 /* TTSManager.swift in Sources */,
				A10000290000000000000023 /* LanguageDetector.swift in Sources */,
				A1000030000000000000002A /* SpeakButton.swift in Sources */,
				0DL10001000000000000F001 /* InterfaceLanguage.swift in Sources */,
				0DP00001000000000000F001 /* LanguagePromptProvider.swift in Sources */,
				0DP00003000000000000F003 /* LanguagePromptRegistry.swift in Sources */,
				0DP00005000000000000F005 /* ChinesePromptProvider.swift in Sources */,
				0DP00007000000000000F007 /* EnglishPromptProvider.swift in Sources */,
				0DP00009000000000000F009 /* JapanesePromptProvider.swift in Sources */,
				0DP0000B000000000000F00B /* KoreanPromptProvider.swift in Sources */,
				0DP10001000000000000F001 /* FrenchPromptProvider.swift in Sources */,
				0DP10002000000000000F002 /* SpanishPromptProvider.swift in Sources */,
				0DP10003000000000000F003 /* ArabicPromptProvider.swift in Sources */,
				0DP10004000000000000F004 /* GermanPromptProvider.swift in Sources */,
				0DP10005000000000000F005 /* PortuguesePromptProvider.swift in Sources */,
			);
			runOnlyForDeploymentPostprocessing = 0;
		};
/* End PBXSourcesBuildPhase section */

/* Begin XCBuildConfiguration section */
		B10000010000000000000001 /* Debug */ = {
			isa = XCBuildConfiguration;
			buildSettings = {
				ALWAYS_SEARCH_USER_PATHS = NO;
				ASSETCATALOG_COMPILER_GENERATE_SWIFT_ASSET_SYMBOL_EXTENSIONS = YES;
				CLANG_ANALYZER_NONNULL = YES;
				CLANG_ANALYZER_NUMBER_OBJECT_CONVERSION = YES_AGGRESSIVE;
				CLANG_CXX_LANGUAGE_STANDARD = "gnu++20";
				CLANG_ENABLE_MODULES = YES;
				CLANG_ENABLE_OBJC_ARC = YES;
				CLANG_ENABLE_OBJC_WEAK = YES;
				CLANG_WARN_BLOCK_CAPTURE_AUTORELEASING = YES;
				CLANG_WARN_BOOL_CONVERSION = YES;
				CLANG_WARN_COMMA = YES;
				CLANG_WARN_CONSTANT_CONVERSION = YES;
				CLANG_WARN_DEPRECATED_OBJC_IMPLEMENTATIONS = YES;
				CLANG_WARN_DIRECT_OBJC_ISA_USAGE = YES_ERROR;
				CLANG_WARN_DOCUMENTATION_COMMENTS = YES;
				CLANG_WARN_EMPTY_BODY = YES;
				CLANG_WARN_ENUM_CONVERSION = YES;
				CLANG_WARN_INFINITE_RECURSION = YES;
				CLANG_WARN_INT_CONVERSION = YES;
				CLANG_WARN_NON_LITERAL_NULL_CONVERSION = YES;
				CLANG_WARN_OBJC_IMPLICIT_RETAIN_SELF = YES;
				CLANG_WARN_OBJC_LITERAL_CONVERSION = YES;
				CLANG_WARN_OBJC_ROOT_CLASS = YES_ERROR;
				CLANG_WARN_QUOTED_INCLUDE_IN_FRAMEWORK_HEADER = YES;
				CLANG_WARN_RANGE_LOOP_ANALYSIS = YES;
				CLANG_WARN_STRICT_PROTOTYPES = YES;
				CLANG_WARN_SUSPICIOUS_MOVE = YES;
				CLANG_WARN_UNGUARDED_AVAILABILITY = YES_AGGRESSIVE;
				CLANG_WARN_UNREACHABLE_CODE = YES;
				CLANG_WARN__DUPLICATE_METHOD_MATCH = YES;
				COPY_PHASE_STRIP = NO;
				DEBUG_INFORMATION_FORMAT = dwarf;
				ENABLE_STRICT_OBJC_MSGSEND = YES;
				ENABLE_TESTABILITY = YES;
				ENABLE_USER_SCRIPT_SANDBOXING = YES;
				GCC_C_LANGUAGE_STANDARD = gnu17;
				GCC_DYNAMIC_NO_PIC = NO;
				GCC_NO_COMMON_BLOCKS = YES;
				GCC_OPTIMIZATION_LEVEL = 0;
				GCC_PREPROCESSOR_DEFINITIONS = (
					"DEBUG=1",
					"$(inherited)",
				);
				GCC_WARN_64_TO_32_BIT_CONVERSION = YES;
				GCC_WARN_ABOUT_RETURN_TYPE = YES_ERROR;
				GCC_WARN_UNDECLARED_SELECTOR = YES;
				GCC_WARN_UNINITIALIZED_AUTOS = YES_AGGRESSIVE;
				GCC_WARN_UNUSED_FUNCTION = YES;
				GCC_WARN_UNUSED_VARIABLE = YES;
				LOCALIZATION_PREFERS_STRING_CATALOGS = YES;
				MTL_ENABLE_DEBUG_INFO = INCLUDE_SOURCE;
				MTL_FAST_MATH = YES;
				ONLY_ACTIVE_ARCH = YES;
				SWIFT_ACTIVE_COMPILATION_CONDITIONS = "DEBUG $(inherited)";
				SWIFT_OPTIMIZATION_LEVEL = "-Onone";
			};
			name = Debug;
		};
		B10000020000000000000002 /* Release */ = {
			isa = XCBuildConfiguration;
			buildSettings = {
				ALWAYS_SEARCH_USER_PATHS = NO;
				ASSETCATALOG_COMPILER_GENERATE_SWIFT_ASSET_SYMBOL_EXTENSIONS = YES;
				CLANG_ANALYZER_NONNULL = YES;
				CLANG_ANALYZER_NUMBER_OBJECT_CONVERSION = YES_AGGRESSIVE;
				CLANG_CXX_LANGUAGE_STANDARD = "gnu++20";
				CLANG_ENABLE_MODULES = YES;
				CLANG_ENABLE_OBJC_ARC = YES;
				CLANG_ENABLE_OBJC_WEAK = YES;
				CLANG_WARN_BLOCK_CAPTURE_AUTORELEASING = YES;
				CLANG_WARN_BOOL_CONVERSION = YES;
				CLANG_WARN_COMMA = YES;
				CLANG_WARN_CONSTANT_CONVERSION = YES;
				CLANG_WARN_DEPRECATED_OBJC_IMPLEMENTATIONS = YES;
				CLANG_WARN_DIRECT_OBJC_ISA_USAGE = YES_ERROR;
				CLANG_WARN_DOCUMENTATION_COMMENTS = YES;
				CLANG_WARN_EMPTY_BODY = YES;
				CLANG_WARN_ENUM_CONVERSION = YES;
				CLANG_WARN_INFINITE_RECURSION = YES;
				CLANG_WARN_INT_CONVERSION = YES;
				CLANG_WARN_NON_LITERAL_NULL_CONVERSION = YES;
				CLANG_WARN_OBJC_IMPLICIT_RETAIN_SELF = YES;
				CLANG_WARN_OBJC_LITERAL_CONVERSION = YES;
				CLANG_WARN_OBJC_ROOT_CLASS = YES_ERROR;
				CLANG_WARN_QUOTED_INCLUDE_IN_FRAMEWORK_HEADER = YES;
				CLANG_WARN_RANGE_LOOP_ANALYSIS = YES;
				CLANG_WARN_STRICT_PROTOTYPES = YES;
				CLANG_WARN_SUSPICIOUS_MOVE = YES;
				CLANG_WARN_UNGUARDED_AVAILABILITY = YES_AGGRESSIVE;
				CLANG_WARN_UNREACHABLE_CODE = YES;
				CLANG_WARN__DUPLICATE_METHOD_MATCH = YES;
				COPY_PHASE_STRIP = NO;
				DEBUG_INFORMATION_FORMAT = "dwarf-with-dsym";
				ENABLE_NS_ASSERTIONS = NO;
				ENABLE_STRICT_OBJC_MSGSEND = YES;
				ENABLE_USER_SCRIPT_SANDBOXING = YES;
				GCC_C_LANGUAGE_STANDARD = gnu17;
				GCC_NO_COMMON_BLOCKS = YES;
				GCC_WARN_64_TO_32_BIT_CONVERSION = YES;
				GCC_WARN_ABOUT_RETURN_TYPE = YES_ERROR;
				GCC_WARN_UNDECLARED_SELECTOR = YES;
				GCC_WARN_UNINITIALIZED_AUTOS = YES_AGGRESSIVE;
				GCC_WARN_UNUSED_FUNCTION = YES;
				GCC_WARN_UNUSED_VARIABLE = YES;
				LOCALIZATION_PREFERS_STRING_CATALOGS = YES;
				MTL_ENABLE_DEBUG_INFO = NO;
				MTL_FAST_MATH = YES;
				SWIFT_COMPILATION_MODE = wholemodule;
			};
			name = Release;
		};
		B10000030000000000000003 /* Debug */ = {
			isa = XCBuildConfiguration;
			buildSettings = {
				ASSETCATALOG_COMPILER_APPICON_NAME = AppIcon;
				ASSETCATALOG_COMPILER_GLOBAL_ACCENT_COLOR_NAME = AccentColor;
				CODE_SIGN_ENTITLEMENTS = "";
				CODE_SIGN_STYLE = Automatic;
				CURRENT_PROJECT_VERSION = 1;
				DEVELOPMENT_ASSET_PATHS = "";
				ENABLE_PREVIEWS = YES;
				GENERATE_INFOPLIST_FILE = YES;
				INFOPLIST_KEY_CFBundleDisplayName = PolyGlot;
				INFOPLIST_KEY_LSApplicationCategoryType = "public.app-category.education";
				"INFOPLIST_KEY_UIApplicationSceneManifest_Generation[sdk=iphoneos*]" = YES;
				"INFOPLIST_KEY_UIApplicationSceneManifest_Generation[sdk=iphonesimulator*]" = YES;
				INFOPLIST_KEY_UIApplicationSupportsIndirectInputEvents = YES;
				INFOPLIST_KEY_UILaunchScreen_Generation = YES;
				INFOPLIST_KEY_UISupportedInterfaceOrientations_iPad = "UIInterfaceOrientationPortrait UIInterfaceOrientationPortraitUpsideDown UIInterfaceOrientationLandscapeLeft UIInterfaceOrientationLandscapeRight";
				INFOPLIST_KEY_UISupportedInterfaceOrientations_iPhone = "UIInterfaceOrientationPortrait UIInterfaceOrientationLandscapeLeft UIInterfaceOrientationLandscapeRight";
				IPHONEOS_DEPLOYMENT_TARGET = 26.0;
				LD_RUNPATH_SEARCH_PATHS = (
					"$(inherited)",
					"@executable_path/Frameworks",
				);
				MACOSX_DEPLOYMENT_TARGET = 26.0;
				MARKETING_VERSION = 1.0;
				PRODUCT_BUNDLE_IDENTIFIER = com.polyglot.app;
				PRODUCT_NAME = "$(TARGET_NAME)";
				SDKROOT = auto;
				SUPPORTED_PLATFORMS = "iphoneos iphonesimulator macosx";
				SUPPORTS_MACCATALYST = NO;
				SWIFT_EMIT_LOC_STRINGS = YES;
				SWIFT_STRICT_CONCURRENCY = complete;
				SWIFT_VERSION = 5.0;
				TARGETED_DEVICE_FAMILY = "1,2";
			};
			name = Debug;
		};
		B10000040000000000000004 /* Release */ = {
			isa = XCBuildConfiguration;
			buildSettings = {
				ASSETCATALOG_COMPILER_APPICON_NAME = AppIcon;
				ASSETCATALOG_COMPILER_GLOBAL_ACCENT_COLOR_NAME = AccentColor;
				CODE_SIGN_ENTITLEMENTS = "";
				CODE_SIGN_STYLE = Automatic;
				CURRENT_PROJECT_VERSION = 1;
				DEVELOPMENT_ASSET_PATHS = "";
				ENABLE_PREVIEWS = YES;
				GENERATE_INFOPLIST_FILE = YES;
				INFOPLIST_KEY_CFBundleDisplayName = PolyGlot;
				INFOPLIST_KEY_LSApplicationCategoryType = "public.app-category.education";
				"INFOPLIST_KEY_UIApplicationSceneManifest_Generation[sdk=iphoneos*]" = YES;
				"INFOPLIST_KEY_UIApplicationSceneManifest_Generation[sdk=iphonesimulator*]" = YES;
				INFOPLIST_KEY_UIApplicationSupportsIndirectInputEvents = YES;
				INFOPLIST_KEY_UILaunchScreen_Generation = YES;
				INFOPLIST_KEY_UISupportedInterfaceOrientations_iPad = "UIInterfaceOrientationPortrait UIInterfaceOrientationPortraitUpsideDown UIInterfaceOrientationLandscapeLeft UIInterfaceOrientationLandscapeRight";
				INFOPLIST_KEY_UISupportedInterfaceOrientations_iPhone = "UIInterfaceOrientationPortrait UIInterfaceOrientationLandscapeLeft UIInterfaceOrientationLandscapeRight";
				IPHONEOS_DEPLOYMENT_TARGET = 26.0;
				LD_RUNPATH_SEARCH_PATHS = (
					"$(inherited)",
					"@executable_path/Frameworks",
				);
				MACOSX_DEPLOYMENT_TARGET = 26.0;
				MARKETING_VERSION = 1.0;
				PRODUCT_BUNDLE_IDENTIFIER = com.polyglot.app;
				PRODUCT_NAME = "$(TARGET_NAME)";
				SDKROOT = auto;
				SUPPORTED_PLATFORMS = "iphoneos iphonesimulator macosx";
				SUPPORTS_MACCATALYST = NO;
				SWIFT_EMIT_LOC_STRINGS = YES;
				SWIFT_STRICT_CONCURRENCY = complete;
				SWIFT_VERSION = 5.0;
				TARGETED_DEVICE_FAMILY = "1,2";
			};
			name = Release;
		};
/* End XCBuildConfiguration section */

/* Begin XCConfigurationList section */
		A80000010000000000000001 /* Build configuration list for PBXNativeTarget "PolyGlot" */ = {
			isa = XCConfigurationList;
			buildConfigurations = (
				B10000030000000000000003 /* Debug */,
				B10000040000000000000004 /* Release */,
			);
			defaultConfigurationIsVisible = 0;
			defaultConfigurationName = Release;
		};
		A80000030000000000000003 /* Build configuration list for PBXProject "PolyGlot" */ = {
			isa = XCConfigurationList;
			buildConfigurations = (
				B10000010000000000000001 /* Debug */,
				B10000020000000000000002 /* Release */,
			);
			defaultConfigurationIsVisible = 0;
			defaultConfigurationName = Release;
		};
/* End XCConfigurationList section */
	};
	rootObject = A90000010000000000000001 /* Project object */;
}
